
Microsoft Visual Studio Solution File, Format Version 12.00
# Visual Studio Version 17
VisualStudioVersion = 17.2.32505.173
MinimumVisualStudioVersion = 10.0.40219.1
Project("{FAE04EC0-301F-11D3-BF4B-00C04F79EFBC}") = "dbmgr", "dbmgrConsole\dbmgr.csproj", "{5BAD1B7A-61D2-4A4B-82CE-87062FECDD31}"
EndProject
Project("{FAE04EC0-301F-11D3-BF4B-00C04F79EFBC}") = "dbmgrTests", "dbmgrTests\dbmgrTests.csproj", "{9CE42F9C-D6D1-4CFD-82FC-04BB9981385D}"
EndProject
Global
	GlobalSection(SolutionConfigurationPlatforms) = preSolution
		Debug|Any CPU = Debug|Any CPU
		Release|Any CPU = Release|Any CPU
	EndGlobalSection
	GlobalSection(ProjectConfigurationPlatforms) = postSolution
		{5BAD1B7A-61D2-4A4B-82CE-87062FECDD31}.Debug|Any CPU.ActiveCfg = Debug|Any CPU
		{5BAD1B7A-61D2-4A4B-82CE-87062FECDD31}.Debug|Any CPU.Build.0 = Debug|Any CPU
		{5BAD1B7A-61D2-4A4B-82CE-87062FECDD31}.Release|Any CPU.ActiveCfg = Release|Any CPU
		{5BAD1B7A-61D2-4A4B-82CE-87062FECDD31}.Release|Any CPU.Build.0 = Release|Any CPU
		{9CE42F9C-D6D1-4CFD-82FC-04BB9981385D}.Debug|Any CPU.ActiveCfg = Debug|Any CPU
		{9CE42F9C-D6D1-4CFD-82FC-04BB9981385D}.Debug|Any CPU.Build.0 = Debug|Any CPU
		{9CE42F9C-D6D1-4CFD-82FC-04BB9981385D}.Release|Any CPU.ActiveCfg = Release|Any CPU
		{9CE42F9C-D6D1-4CFD-82FC-04BB9981385D}.Release|Any CPU.Build.0 = Release|Any CPU
	EndGlobalSection
	GlobalSection(SolutionProperties) = preSolution
		HideSolutionNode = FALSE
	EndGlobalSection
	GlobalSection(ExtensibilityGlobals) = postSolution
		SolutionGuid = {638FDB51-1405-4850-BECC-635EF08D37CD}
	EndGlobalSection
EndGlobal
